{
  "name": "ts-learn",
  "lockfileVersion": 2,
  "requires": true,
  "packages": {
    "": {
      "devDependencies": {
        "@type-challenges/utils": "^0.1.1",
        "@types/node": "^18.0.3"
      }
    },
    "node_modules/@type-challenges/utils": {
      "version": "0.1.1",
      "resolved": "https://registry.npmmirror.com/@type-challenges/utils/-/utils-0.1.1.tgz",
      "integrity": "sha512-A7ljYfBM+FLw+NDyuYvGBJiCEV9c0lPWEAdzfOAkb3JFqfLl0Iv/WhWMMARHiRKlmmiD1g8gz/507yVvHdQUYA==",
      "dev": true
    },
    "node_modules/@types/node": {
      "version": "18.0.3",
      "resolved": "https://registry.npmmirror.com/@types/node/-/node-18.0.3.tgz",
      "integrity": "sha512-HzNRZtp4eepNitP+BD6k2L6DROIDG4Q0fm4x+dwfsr6LGmROENnok75VGw40628xf+iR24WeMFcHuuBDUAzzsQ==",
      "dev": true
    }
  },
  "dependencies": {
    "@type-challenges/utils": {
      "version": "0.1.1",
      "resolved": "https://registry.npmmirror.com/@type-challenges/utils/-/utils-0.1.1.tgz",
      "integrity": "sha512-A7ljYfBM+FLw+NDyuYvGBJiCEV9c0lPWEAdzfOAkb3JFqfLl0Iv/WhWMMARHiRKlmmiD1g8gz/507yVvHdQUYA==",
      "dev": true
    },
    "@types/node": {
      "version": "18.0.3",
      "resolved": "https://registry.npmmirror.com/@types/node/-/node-18.0.3.tgz",
      "integrity": "sha512-HzNRZtp4eepNitP+BD6k2L6DROIDG4Q0fm4x+dwfsr6LGmROENnok75VGw40628xf+iR24WeMFcHuuBDUAzzsQ==",
      "dev": true
    }
  }
}
